
Microsoft Visual Studio Solution File, Format Version 12.00
# Visual Studio Version 17
VisualStudioVersion = 17.3.32929.385
MinimumVisualStudioVersion = 10.0.40219.1
Project("{FAE04EC0-301F-11D3-BF4B-00C04F79EFBC}") = "pitk lõputöö", "pitk lõputöö\pitk lõputöö.csproj", "{32703458-931D-4769-BEBA-C7DE7B1609D0}"
EndProject
Global
	GlobalSection(SolutionConfigurationPlatforms) = preSolution
		Debug|Any CPU = Debug|Any CPU
		Release|Any CPU = Release|Any CPU
	EndGlobalSection
	GlobalSection(ProjectConfigurationPlatforms) = postSolution
		{32703458-931D-4769-BEBA-C7DE7B1609D0}.Debug|Any CPU.ActiveCfg = Debug|Any CPU
		{32703458-931D-4769-BEBA-C7DE7B1609D0}.Debug|Any CPU.Build.0 = Debug|Any CPU
		{32703458-931D-4769-BEBA-C7DE7B1609D0}.Release|Any CPU.ActiveCfg = Release|Any CPU
		{32703458-931D-4769-BEBA-C7DE7B1609D0}.Release|Any CPU.Build.0 = Release|Any CPU
	EndGlobalSection
	GlobalSection(SolutionProperties) = preSolution
		HideSolutionNode = FALSE
	EndGlobalSection
	GlobalSection(ExtensibilityGlobals) = postSolution
		SolutionGuid = {30B34E60-1F07-441F-99D8-4B5025A1F8C6}
	EndGlobalSection
EndGlobal
